DEPENDENCIES
  apache2
    git: https://github.com/sous-chefs/apache2
    revision: df45cbfab8246ae0800b11b4cff8b103a0ed2113
    ref: df45cbf
  beanstalkd
    git: git@github.com:cmcfadden/beanstalkd.git
    revision: 51d70bdfd8ff8eb6cb2464e08de0bc43ab46a874
  chef-msttcorefonts
    git: https://github.com/captnswing/chef-msttcorefonts.git
    revision: 9b1417077047cc8371fac51a0fd67c04f2959b87
    ref: 9b14170
  cookbook-shibboleth
    git: git@github.umn.edu:mcfa0086/cookbook-shibboleth.git
    revision: 18fbfb977b92f2d75d6bbeaa9d108e211cb89517
  elevator
    path: .
    metadata: true
  r
    git: git@github.com:davidski/chef-r.git
    revision: 0297086c9e2d3fe2de43484ed007dad8e8a52294
    ref: 0297086

GRAPH
  L7-redis (1.0.7)
    cron (>= 0.0.0)
  acme (4.0.0)
    compat_resource (>= 12.19)
  apache2 (3.2.2)
  apt (7.1.1)
  apt-upgrade-once (0.2.1)
  ark (4.0.0)
    build-essential (>= 0.0.0)
    seven_zip (>= 0.0.0)
  beanstalkd (0.3.2)
  bluepill (4.1.1)
    rsyslog (>= 2.0)
  build-essential (8.2.1)
    mingw (>= 1.1)
    seven_zip (>= 0.0.0)
  chef-client (11.1.2)
    cron (>= 4.2.0)
    logrotate (>= 1.9.0)
  chef-msttcorefonts (0.9.0)
    apt (>= 0.0.0)
    yum (>= 0.0.0)
  chef-sugar (5.0.1)
  chef_client_updater (3.5.2)
  compat_resource (12.19.1)
  composer (2.6.1)
    apt (>= 0.0.0)
    php (>= 0.0.0)
    windows (>= 0.0.0)
  cookbook-shibboleth (0.7.3)
    apache2 (> 2.0)
    apt (>= 0.0.0)
    ark (>= 0.0.0)
    build-essential (>= 0.0.0)
    hostsfile (>= 0.0.0)
    java (>= 0.0.0)
    tomcat (>= 0.0.0)
  cron (6.2.1)
  elasticsearch (3.2.1)
    apt (>= 0.0.0)
    ark (>= 0.0.0)
    chef-sugar (>= 0.0.0)
    yum (>= 0.0.0)
  elevator (1.0.4)
    L7-redis (= 1.0.7)
    acme (= 4.0.0)
    apache2 (>= 0.0.0)
    apt (~> 7.1.1)
    apt-upgrade-once (>= 0.0.0)
    beanstalkd (= 0.3.2)
    bluepill (>= 0.0.0)
    chef-client (= 11.1.2)
    chef-msttcorefonts (>= 0.0.0)
    chef_client_updater (~> 3.5.2)
    composer (>= 0.0.0)
    cookbook-shibboleth (>= 0.0.0)
    elasticsearch (= 3.2.1)
    git (>= 0.0.0)
    iptables (= 2.0.0)
    ntp (>= 0.0.0)
    php (>= 0.0.0)
    poise-python (>= 0.0.0)
    r (~> 0.4.0)
    ssh_known_hosts (>= 0.0.0)
    tar (>= 0.0.0)
    zipfile (>= 0.0.0)
  git (9.0.1)
    build-essential (>= 5.0.0)
  homebrew (5.0.8)
  hostsfile (3.0.1)
  iptables (2.0.0)
    compat_resource (>= 0.0.0)
  java (3.2.1)
    homebrew (>= 0.0.0)
    windows (>= 0.0.0)
  logrotate (2.2.0)
  mingw (2.1.0)
    seven_zip (>= 0.0.0)
  ntp (3.6.2)
  php (6.1.1)
    build-essential (>= 5.0)
    yum-epel (>= 0.0.0)
  poise (2.8.2)
  poise-archive (1.5.0)
    poise (~> 2.6)
  poise-languages (2.1.2)
    poise (~> 2.5)
    poise-archive (~> 1.0)
  poise-python (1.7.0)
    poise (~> 2.7)
    poise-languages (~> 2.0)
  r (0.4.0)
    apt (>= 0.0.0)
    ark (>= 0.0.0)
    build-essential (>= 0.0.0)
    readline (>= 0.0.0)
    yum-epel (>= 2.0.0)
  readline (0.0.5)
  rsyslog (6.0.7)
  seven_zip (3.1.0)
    windows (>= 0.0.0)
  ssh_known_hosts (6.2.0)
  tar (2.2.0)
  tomcat (3.2.0)
  windows (5.3.0)
  yum (5.1.0)
  yum-epel (3.3.0)
  zipfile (0.2.0)
